
Microsoft Visual Studio Solution File, Format Version 12.00
# Visual Studio Version 17
VisualStudioVersion = 17.10.35013.160
MinimumVisualStudioVersion = 10.0.40219.1
Project("{FAE04EC0-301F-11D3-BF4B-00C04F79EFBC}") = "SuperHeroApp", "SuperHeroApp\SuperHeroApp.csproj", "{739BE5C9-8D85-4A1A-8922-746AE678192A}"
EndProject
Global
	GlobalSection(SolutionConfigurationPlatforms) = preSolution
		Debug|Any CPU = Debug|Any CPU
		Release|Any CPU = Release|Any CPU
	EndGlobalSection
	GlobalSection(ProjectConfigurationPlatforms) = postSolution
		{739BE5C9-8D85-4A1A-8922-746AE678192A}.Debug|Any CPU.ActiveCfg = Debug|Any CPU
		{739BE5C9-8D85-4A1A-8922-746AE678192A}.Debug|Any CPU.Build.0 = Debug|Any CPU
		{739BE5C9-8D85-4A1A-8922-746AE678192A}.Release|Any CPU.ActiveCfg = Release|Any CPU
		{739BE5C9-8D85-4A1A-8922-746AE678192A}.Release|Any CPU.Build.0 = Release|Any CPU
	EndGlobalSection
	GlobalSection(SolutionProperties) = preSolution
		HideSolutionNode = FALSE
	EndGlobalSection
	GlobalSection(ExtensibilityGlobals) = postSolution
		SolutionGuid = {7F5D9EDE-D1CD-42BB-B6A2-A950A5B80AD7}
	EndGlobalSection
EndGlobal
